
Microsoft Visual Studio Solution File, Format Version 12.00
# Visual Studio 14
VisualStudioVersion = 14.0.23107.0
MinimumVisualStudioVersion = 10.0.40219.1
Project("{FAE04EC0-301F-11D3-BF4B-00C04F79EFBC}") = "TestSolution", "TestSolution\TestSolution.csproj", "{6649DDCE-4AE0-4BF9-B7EF-4D2CA723B6DF}"
EndProject
Global
	GlobalSection(SolutionConfigurationPlatforms) = preSolution
		Debug|Any CPU = Debug|Any CPU
		Release|Any CPU = Release|Any CPU
	EndGlobalSection
	GlobalSection(ProjectConfigurationPlatforms) = postSolution
		{6649DDCE-4AE0-4BF9-B7EF-4D2CA723B6DF}.Debug|Any CPU.ActiveCfg = Debug|Any CPU
		{6649DDCE-4AE0-4BF9-B7EF-4D2CA723B6DF}.Debug|Any CPU.Build.0 = Debug|Any CPU
		{6649DDCE-4AE0-4BF9-B7EF-4D2CA723B6DF}.Release|Any CPU.ActiveCfg = Release|Any CPU
		{6649DDCE-4AE0-4BF9-B7EF-4D2CA723B6DF}.Release|Any CPU.Build.0 = Release|Any CPU
	EndGlobalSection
	GlobalSection(SolutionProperties) = preSolution
		HideSolutionNode = FALSE
	EndGlobalSection
EndGlobal
